
Microsoft Visual Studio Solution File, Format Version 12.00
# Visual Studio Version 16
VisualStudioVersion = 16.0.31112.23
MinimumVisualStudioVersion = 10.0.40219.1
Project("{FAE04EC0-301F-11D3-BF4B-00C04F79EFBC}") = "Sisonke bank.Android", "Sisonke bank\Sisonke bank.Android\Sisonke bank.Android.csproj", "{79AEB762-AEF8-4925-877B-81CE17486087}"
EndProject
Project("{FAE04EC0-301F-11D3-BF4B-00C04F79EFBC}") = "Sisonke bank.iOS", "Sisonke bank\Sisonke bank.iOS\Sisonke bank.iOS.csproj", "{4F3B96FA-A887-46AF-89B9-5C03D255E7DF}"
EndProject
Project("{FAE04EC0-301F-11D3-BF4B-00C04F79EFBC}") = "Sisonke bank", "Sisonke bank\Sisonke bank\Sisonke bank.csproj", "{27EB43A4-6ED5-4D03-B4ED-DC1800DDD66B}"
EndProject
Global
	GlobalSection(SolutionConfigurationPlatforms) = preSolution
		Debug|Any CPU = Debug|Any CPU
		Debug|iPhone = Debug|iPhone
		Debug|iPhoneSimulator = Debug|iPhoneSimulator
		Release|Any CPU = Release|Any CPU
		Release|iPhone = Release|iPhone
		Release|iPhoneSimulator = Release|iPhoneSimulator
	EndGlobalSection
	GlobalSection(ProjectConfigurationPlatforms) = postSolution
		{79AEB762-AEF8-4925-877B-81CE17486087}.Debug|Any CPU.ActiveCfg = Debug|Any CPU
		{79AEB762-AEF8-4925-877B-81CE17486087}.Debug|Any CPU.Build.0 = Debug|Any CPU
		{79AEB762-AEF8-4925-877B-81CE17486087}.Debug|Any CPU.Deploy.0 = Debug|Any CPU
		{79AEB762-AEF8-4925-877B-81CE17486087}.Debug|iPhone.ActiveCfg = Debug|Any CPU
		{79AEB762-AEF8-4925-877B-81CE17486087}.Debug|iPhone.Build.0 = Debug|Any CPU
		{79AEB762-AEF8-4925-877B-81CE17486087}.Debug|iPhone.Deploy.0 = Debug|Any CPU
		{79AEB762-AEF8-4925-877B-81CE17486087}.Debug|iPhoneSimulator.ActiveCfg = Debug|Any CPU
		{79AEB762-AEF8-4925-877B-81CE17486087}.Debug|iPhoneSimulator.Build.0 = Debug|Any CPU
		{79AEB762-AEF8-4925-877B-81CE17486087}.Debug|iPhoneSimulator.Deploy.0 = Debug|Any CPU
		{79AEB762-AEF8-4925-877B-81CE17486087}.Release|Any CPU.ActiveCfg = Release|Any CPU
		{79AEB762-AEF8-4925-877B-81CE17486087}.Release|Any CPU.Build.0 = Release|Any CPU
		{79AEB762-AEF8-4925-877B-81CE17486087}.Release|Any CPU.Deploy.0 = Release|Any CPU
		{79AEB762-AEF8-4925-877B-81CE17486087}.Release|iPhone.ActiveCfg = Release|Any CPU
		{79AEB762-AEF8-4925-877B-81CE17486087}.Release|iPhone.Build.0 = Release|Any CPU
		{79AEB762-AEF8-4925-877B-81CE17486087}.Release|iPhone.Deploy.0 = Release|Any CPU
		{79AEB762-AEF8-4925-877B-81CE17486087}.Release|iPhoneSimulator.ActiveCfg = Release|Any CPU
		{79AEB762-AEF8-4925-877B-81CE17486087}.Release|iPhoneSimulator.Build.0 = Release|Any CPU
		{79AEB762-AEF8-4925-877B-81CE17486087}.Release|iPhoneSimulator.Deploy.0 = Release|Any CPU
		{4F3B96FA-A887-46AF-89B9-5C03D255E7DF}.Debug|Any CPU.ActiveCfg = Debug|iPhone
		{4F3B96FA-A887-46AF-89B9-5C03D255E7DF}.Debug|Any CPU.Build.0 = Debug|iPhone
		{4F3B96FA-A887-46AF-89B9-5C03D255E7DF}.Debug|Any CPU.Deploy.0 = Debug|iPhone
		{4F3B96FA-A887-46AF-89B9-5C03D255E7DF}.Debug|iPhone.ActiveCfg = Debug|iPhone
		{4F3B96FA-A887-46AF-89B9-5C03D255E7DF}.Debug|iPhone.Build.0 = Debug|iPhone
		{4F3B96FA-A887-46AF-89B9-5C03D255E7DF}.Debug|iPhone.Deploy.0 = Debug|iPhone
		{4F3B96FA-A887-46AF-89B9-5C03D255E7DF}.Debug|iPhoneSimulator.ActiveCfg = Debug|iPhoneSimulator
		{4F3B96FA-A887-46AF-89B9-5C03D255E7DF}.Debug|iPhoneSimulator.Build.0 = Debug|iPhoneSimulator
		{4F3B96FA-A887-46AF-89B9-5C03D255E7DF}.Debug|iPhoneSimulator.Deploy.0 = Debug|iPhoneSimulator
		{4F3B96FA-A887-46AF-89B9-5C03D255E7DF}.Release|Any CPU.ActiveCfg = Release|iPhoneSimulator
		{4F3B96FA-A887-46AF-89B9-5C03D255E7DF}.Release|Any CPU.Build.0 = Release|iPhoneSimulator
		{4F3B96FA-A887-46AF-89B9-5C03D255E7DF}.Release|Any CPU.Deploy.0 = Release|iPhoneSimulator
		{4F3B96FA-A887-46AF-89B9-5C03D255E7DF}.Release|iPhone.ActiveCfg = Release|iPhone
		{4F3B96FA-A887-46AF-89B9-5C03D255E7DF}.Release|iPhone.Build.0 = Release|iPhone
		{4F3B96FA-A887-46AF-89B9-5C03D255E7DF}.Release|iPhone.Deploy.0 = Release|iPhone
		{4F3B96FA-A887-46AF-89B9-5C03D255E7DF}.Release|iPhoneSimulator.ActiveCfg = Release|iPhoneSimulator
		{4F3B96FA-A887-46AF-89B9-5C03D255E7DF}.Release|iPhoneSimulator.Build.0 = Release|iPhoneSimulator
		{4F3B96FA-A887-46AF-89B9-5C03D255E7DF}.Release|iPhoneSimulator.Deploy.0 = Release|iPhoneSimulator
		{27EB43A4-6ED5-4D03-B4ED-DC1800DDD66B}.Debug|Any CPU.ActiveCfg = Debug|Any CPU
		{27EB43A4-6ED5-4D03-B4ED-DC1800DDD66B}.Debug|Any CPU.Build.0 = Debug|Any CPU
		{27EB43A4-6ED5-4D03-B4ED-DC1800DDD66B}.Debug|Any CPU.Deploy.0 = Debug|Any CPU
		{27EB43A4-6ED5-4D03-B4ED-DC1800DDD66B}.Debug|iPhone.ActiveCfg = Debug|Any CPU
		{27EB43A4-6ED5-4D03-B4ED-DC1800DDD66B}.Debug|iPhone.Build.0 = Debug|Any CPU
		{27EB43A4-6ED5-4D03-B4ED-DC1800DDD66B}.Debug|iPhone.Deploy.0 = Debug|Any CPU
		{27EB43A4-6ED5-4D03-B4ED-DC1800DDD66B}.Debug|iPhoneSimulator.ActiveCfg = Debug|Any CPU
		{27EB43A4-6ED5-4D03-B4ED-DC1800DDD66B}.Debug|iPhoneSimulator.Build.0 = Debug|Any CPU
		{27EB43A4-6ED5-4D03-B4ED-DC1800DDD66B}.Debug|iPhoneSimulator.Deploy.0 = Debug|Any CPU
		{27EB43A4-6ED5-4D03-B4ED-DC1800DDD66B}.Release|Any CPU.ActiveCfg = Release|Any CPU
		{27EB43A4-6ED5-4D03-B4ED-DC1800DDD66B}.Release|Any CPU.Build.0 = Release|Any CPU
		{27EB43A4-6ED5-4D03-B4ED-DC1800DDD66B}.Release|Any CPU.Deploy.0 = Release|Any CPU
		{27EB43A4-6ED5-4D03-B4ED-DC1800DDD66B}.Release|iPhone.ActiveCfg = Release|Any CPU
		{27EB43A4-6ED5-4D03-B4ED-DC1800DDD66B}.Release|iPhone.Build.0 = Release|Any CPU
		{27EB43A4-6ED5-4D03-B4ED-DC1800DDD66B}.Release|iPhone.Deploy.0 = Release|Any CPU
		{27EB43A4-6ED5-4D03-B4ED-DC1800DDD66B}.Release|iPhoneSimulator.ActiveCfg = Release|Any CPU
		{27EB43A4-6ED5-4D03-B4ED-DC1800DDD66B}.Release|iPhoneSimulator.Build.0 = Release|Any CPU
		{27EB43A4-6ED5-4D03-B4ED-DC1800DDD66B}.Release|iPhoneSimulator.Deploy.0 = Release|Any CPU
	EndGlobalSection
	GlobalSection(SolutionProperties) = preSolution
		HideSolutionNode = FALSE
	EndGlobalSection
	GlobalSection(ExtensibilityGlobals) = postSolution
		SolutionGuid = {D333999E-4D86-4BBB-A5F4-BFF59E8A471E}
	EndGlobalSection
EndGlobal
